
Microsoft Visual Studio Solution File, Format Version 12.00
# Visual Studio Version 16
VisualStudioVersion = 16.0.31702.278
MinimumVisualStudioVersion = 10.0.40219.1
Project("{FAE04EC0-301F-11D3-BF4B-00C04F79EFBC}") = "ProyectoFinalGrupo4.Android", "ProyectoFinalGrupo4\ProyectoFinalGrupo4.Android\ProyectoFinalGrupo4.Android.csproj", "{F0510933-79C6-4290-9241-35A8124403DA}"
EndProject
Project("{FAE04EC0-301F-11D3-BF4B-00C04F79EFBC}") = "ProyectoFinalGrupo4.iOS", "ProyectoFinalGrupo4\ProyectoFinalGrupo4.iOS\ProyectoFinalGrupo4.iOS.csproj", "{4CA2FFC0-E5FB-495B-A3FA-CFD70B66C604}"
EndProject
Project("{FAE04EC0-301F-11D3-BF4B-00C04F79EFBC}") = "ProyectoFinalGrupo4", "ProyectoFinalGrupo4\ProyectoFinalGrupo4\ProyectoFinalGrupo4.csproj", "{A38E2BBD-DBE7-4FB2-9690-BB8819CB310A}"
EndProject
Global
	GlobalSection(SolutionConfigurationPlatforms) = preSolution
		Debug|Any CPU = Debug|Any CPU
		Debug|iPhone = Debug|iPhone
		Debug|iPhoneSimulator = Debug|iPhoneSimulator
		Release|Any CPU = Release|Any CPU
		Release|iPhone = Release|iPhone
		Release|iPhoneSimulator = Release|iPhoneSimulator
	EndGlobalSection
	GlobalSection(ProjectConfigurationPlatforms) = postSolution
		{F0510933-79C6-4290-9241-35A8124403DA}.Debug|Any CPU.ActiveCfg = Debug|Any CPU
		{F0510933-79C6-4290-9241-35A8124403DA}.Debug|Any CPU.Build.0 = Debug|Any CPU
		{F0510933-79C6-4290-9241-35A8124403DA}.Debug|Any CPU.Deploy.0 = Debug|Any CPU
		{F0510933-79C6-4290-9241-35A8124403DA}.Debug|iPhone.ActiveCfg = Debug|Any CPU
		{F0510933-79C6-4290-9241-35A8124403DA}.Debug|iPhone.Build.0 = Debug|Any CPU
		{F0510933-79C6-4290-9241-35A8124403DA}.Debug|iPhone.Deploy.0 = Debug|Any CPU
		{F0510933-79C6-4290-9241-35A8124403DA}.Debug|iPhoneSimulator.ActiveCfg = Debug|Any CPU
		{F0510933-79C6-4290-9241-35A8124403DA}.Debug|iPhoneSimulator.Build.0 = Debug|Any CPU
		{F0510933-79C6-4290-9241-35A8124403DA}.Debug|iPhoneSimulator.Deploy.0 = Debug|Any CPU
		{F0510933-79C6-4290-9241-35A8124403DA}.Release|Any CPU.ActiveCfg = Release|Any CPU
		{F0510933-79C6-4290-9241-35A8124403DA}.Release|Any CPU.Build.0 = Release|Any CPU
		{F0510933-79C6-4290-9241-35A8124403DA}.Release|Any CPU.Deploy.0 = Release|Any CPU
		{F0510933-79C6-4290-9241-35A8124403DA}.Release|iPhone.ActiveCfg = Release|Any CPU
		{F0510933-79C6-4290-9241-35A8124403DA}.Release|iPhone.Build.0 = Release|Any CPU
		{F0510933-79C6-4290-9241-35A8124403DA}.Release|iPhone.Deploy.0 = Release|Any CPU
		{F0510933-79C6-4290-9241-35A8124403DA}.Release|iPhoneSimulator.ActiveCfg = Release|Any CPU
		{F0510933-79C6-4290-9241-35A8124403DA}.Release|iPhoneSimulator.Build.0 = Release|Any CPU
		{F0510933-79C6-4290-9241-35A8124403DA}.Release|iPhoneSimulator.Deploy.0 = Release|Any CPU
		{4CA2FFC0-E5FB-495B-A3FA-CFD70B66C604}.Debug|Any CPU.ActiveCfg = Debug|iPhone
		{4CA2FFC0-E5FB-495B-A3FA-CFD70B66C604}.Debug|Any CPU.Build.0 = Debug|iPhone
		{4CA2FFC0-E5FB-495B-A3FA-CFD70B66C604}.Debug|Any CPU.Deploy.0 = Debug|iPhone
		{4CA2FFC0-E5FB-495B-A3FA-CFD70B66C604}.Debug|iPhone.ActiveCfg = Debug|iPhone
		{4CA2FFC0-E5FB-495B-A3FA-CFD70B66C604}.Debug|iPhone.Build.0 = Debug|iPhone
		{4CA2FFC0-E5FB-495B-A3FA-CFD70B66C604}.Debug|iPhone.Deploy.0 = Debug|iPhone
		{4CA2FFC0-E5FB-495B-A3FA-CFD70B66C604}.Debug|iPhoneSimulator.ActiveCfg = Debug|iPhoneSimulator
		{4CA2FFC0-E5FB-495B-A3FA-CFD70B66C604}.Debug|iPhoneSimulator.Build.0 = Debug|iPhoneSimulator
		{4CA2FFC0-E5FB-495B-A3FA-CFD70B66C604}.Debug|iPhoneSimulator.Deploy.0 = Debug|iPhoneSimulator
		{4CA2FFC0-E5FB-495B-A3FA-CFD70B66C604}.Release|Any CPU.ActiveCfg = Release|iPhoneSimulator
		{4CA2FFC0-E5FB-495B-A3FA-CFD70B66C604}.Release|Any CPU.Build.0 = Release|iPhoneSimulator
		{4CA2FFC0-E5FB-495B-A3FA-CFD70B66C604}.Release|Any CPU.Deploy.0 = Release|iPhoneSimulator
		{4CA2FFC0-E5FB-495B-A3FA-CFD70B66C604}.Release|iPhone.ActiveCfg = Release|iPhone
		{4CA2FFC0-E5FB-495B-A3FA-CFD70B66C604}.Release|iPhone.Build.0 = Release|iPhone
		{4CA2FFC0-E5FB-495B-A3FA-CFD70B66C604}.Release|iPhone.Deploy.0 = Release|iPhone
		{4CA2FFC0-E5FB-495B-A3FA-CFD70B66C604}.Release|iPhoneSimulator.ActiveCfg = Release|iPhoneSimulator
		{4CA2FFC0-E5FB-495B-A3FA-CFD70B66C604}.Release|iPhoneSimulator.Build.0 = Release|iPhoneSimulator
		{4CA2FFC0-E5FB-495B-A3FA-CFD70B66C604}.Release|iPhoneSimulator.Deploy.0 = Release|iPhoneSimulator
		{A38E2BBD-DBE7-4FB2-9690-BB8819CB310A}.Debug|Any CPU.ActiveCfg = Debug|Any CPU
		{A38E2BBD-DBE7-4FB2-9690-BB8819CB310A}.Debug|Any CPU.Build.0 = Debug|Any CPU
		{A38E2BBD-DBE7-4FB2-9690-BB8819CB310A}.Debug|Any CPU.Deploy.0 = Debug|Any CPU
		{A38E2BBD-DBE7-4FB2-9690-BB8819CB310A}.Debug|iPhone.ActiveCfg = Debug|Any CPU
		{A38E2BBD-DBE7-4FB2-9690-BB8819CB310A}.Debug|iPhone.Build.0 = Debug|Any CPU
		{A38E2BBD-DBE7-4FB2-9690-BB8819CB310A}.Debug|iPhone.Deploy.0 = Debug|Any CPU
		{A38E2BBD-DBE7-4FB2-9690-BB8819CB310A}.Debug|iPhoneSimulator.ActiveCfg = Debug|Any CPU
		{A38E2BBD-DBE7-4FB2-9690-BB8819CB310A}.Debug|iPhoneSimulator.Build.0 = Debug|Any CPU
		{A38E2BBD-DBE7-4FB2-9690-BB8819CB310A}.Debug|iPhoneSimulator.Deploy.0 = Debug|Any CPU
		{A38E2BBD-DBE7-4FB2-9690-BB8819CB310A}.Release|Any CPU.ActiveCfg = Release|Any CPU
		{A38E2BBD-DBE7-4FB2-9690-BB8819CB310A}.Release|Any CPU.Build.0 = Release|Any CPU
		{A38E2BBD-DBE7-4FB2-9690-BB8819CB310A}.Release|Any CPU.Deploy.0 = Release|Any CPU
		{A38E2BBD-DBE7-4FB2-9690-BB8819CB310A}.Release|iPhone.ActiveCfg = Release|Any CPU
		{A38E2BBD-DBE7-4FB2-9690-BB8819CB310A}.Release|iPhone.Build.0 = Release|Any CPU
		{A38E2BBD-DBE7-4FB2-9690-BB8819CB310A}.Release|iPhone.Deploy.0 = Release|Any CPU
		{A38E2BBD-DBE7-4FB2-9690-BB8819CB310A}.Release|iPhoneSimulator.ActiveCfg = Release|Any CPU
		{A38E2BBD-DBE7-4FB2-9690-BB8819CB310A}.Release|iPhoneSimulator.Build.0 = Release|Any CPU
		{A38E2BBD-DBE7-4FB2-9690-BB8819CB310A}.Release|iPhoneSimulator.Deploy.0 = Release|Any CPU
	EndGlobalSection
	GlobalSection(SolutionProperties) = preSolution
		HideSolutionNode = FALSE
	EndGlobalSection
	GlobalSection(ExtensibilityGlobals) = postSolution
		SolutionGuid = {3BF6D843-9900-4D5A-8D99-6B5A6E3F4AB4}
	EndGlobalSection
EndGlobal
